{
  "name": "navodata",
  "version": "1.0.0",
  "lockfileVersion": 1,
  "requires": true,
  "dependencies": {
    "httpntlm": {
      "version": "1.7.7",
      "resolved": "https://registry.npmjs.org/httpntlm/-/httpntlm-1.7.7.tgz",
      "integrity": "sha512-Pv2Rvrz8H0qv1Dne5mAdZ9JegG1uc6Vu5lwLflIY6s8RKHdZQbW39L4dYswSgqMDT0pkJILUTKjeyU0VPNRZjA==",
      "requires": {
        "httpreq": ">=0.4.22",
        "underscore": "~1.12.1"
      }
    },
    "httpreq": {
      "version": "0.5.2",
      "resolved": "https://registry.npmjs.org/httpreq/-/httpreq-0.5.2.tgz",
      "integrity": "sha512-2Jm+x9WkExDOeFRrdBCBSpLPT5SokTcRHkunV3pjKmX/cx6av8zQ0WtHUMDrYb6O4hBFzNU6sxJEypvRUVYKnw=="
    },
    "navclient": {
      "version": "1.0.1",
      "resolved": "https://registry.npmjs.org/navclient/-/navclient-1.0.1.tgz",
      "integrity": "sha512-1ReOIpbF4U0dyxJr57BpmeL2A4suZByhwzkqH1s0def8odF/vKonEpeLMdQcCBv/hNK1BqjvYrw8FQpkaCOOjA==",
      "requires": {
        "httpntlm": "^1.7.7"
      }
    },
    "underscore": {
      "version": "1.12.1",
      "resolved": "https://registry.npmjs.org/underscore/-/underscore-1.12.1.tgz",
      "integrity": "sha512-hEQt0+ZLDVUMhebKxL4x1BTtDY7bavVofhZ9KZ4aI26X9SRaE+Y3m83XUL1UP2jn8ynjndwCCpEHdUG+9pP1Tw=="
    }
  }
}
